
Microsoft Visual Studio Solution File, Format Version 12.00
# Visual Studio Version 17
VisualStudioVersion = 17.5.002.0
MinimumVisualStudioVersion = 10.0.40219.1
Project("{9A19103F-16F7-4668-BE54-9A1E7A4F7556}") = "Seguridad", "Seguridad.csproj", "{47936E21-0088-495D-8C6F-70363413E2DF}"
EndProject
Global
	GlobalSection(SolutionConfigurationPlatforms) = preSolution
		Debug|Any CPU = Debug|Any CPU
		Release|Any CPU = Release|Any CPU
	EndGlobalSection
	GlobalSection(ProjectConfigurationPlatforms) = postSolution
		{47936E21-0088-495D-8C6F-70363413E2DF}.Debug|Any CPU.ActiveCfg = Debug|Any CPU
		{47936E21-0088-495D-8C6F-70363413E2DF}.Debug|Any CPU.Build.0 = Debug|Any CPU
		{47936E21-0088-495D-8C6F-70363413E2DF}.Release|Any CPU.ActiveCfg = Release|Any CPU
		{47936E21-0088-495D-8C6F-70363413E2DF}.Release|Any CPU.Build.0 = Release|Any CPU
	EndGlobalSection
	GlobalSection(SolutionProperties) = preSolution
		HideSolutionNode = FALSE
	EndGlobalSection
	GlobalSection(ExtensibilityGlobals) = postSolution
		SolutionGuid = {BFFB5120-2598-4248-807B-2B8584910619}
	EndGlobalSection
EndGlobal
